PODS:
  - AccountKit (5.0.1)
  - AFNetworking (2.7.0):
    - AFNetworking/NSURLConnection (= 2.7.0)
    - AFNetworking/NSURLSession (= 2.7.0)
    - AFNetworking/Reachability (= 2.7.0)
    - AFNetworking/Security (= 2.7.0)
    - AFNetworking/Serialization (= 2.7.0)
    - AFNetworking/UIKit (= 2.7.0)
  - AFNetworking/NSURLConnection (2.7.0):
    - AFNetworking/Reachability
    - AFNetworking/Security
    - AFNetworking/Serialization
  - AFNetworking/NSURLSession (2.7.0):
    - AFNetworking/Reachability
    - AFNetworking/Security
    - AFNetworking/Serialization
  - AFNetworking/Reachability (2.7.0)
  - AFNetworking/Security (2.7.0)
  - AFNetworking/Serialization (2.7.0)
  - AFNetworking/UIKit (2.7.0):
    - AFNetworking/NSURLConnection
    - AFNetworking/NSURLSession
  - Bolts/Tasks (1.9.0)
  - Parse (1.17.2):
    - Parse/Core (= 1.17.2)
  - Parse/Core (1.17.2):
    - Bolts/Tasks (~> 1.9)
  - Parse/UI (1.17.2):
    - Parse/Core
  - SendGrid (0.3.0):
    - AFNetworking (~> 2.0)
    - SMTPAPI
  - SMTPAPI (0.2.0)
  - TwilioVoice (4.1.0)

DEPENDENCIES:
  - AccountKit
  - Parse
  - Parse/UI
  - SendGrid
  - TwilioVoice (~> 4.1)

SPEC REPOS:
  https://github.com/cocoapods/specs.git:
    - AccountKit
    - AFNetworking
    - Bolts
    - Parse
    - SendGrid
    - SMTPAPI
    - TwilioVoice

SPEC CHECKSUMS:
  AccountKit: d05258857e74b04386c263a1365b27dbb5ff62b9
  AFNetworking: 8dd5f9b9691e09186393069a12cc3b5ed7c8b511
  Bolts: ac6567323eac61e203f6a9763667d0f711be34c8
  Parse: 3b31a3dd1777b07ee7f0caee32fafbff544483a5
  SendGrid: f9a0c053773198c67fb0e52d0fa9cdef70c8a115
  SMTPAPI: 84bcd13fb0c572a7a16c2045ebb4f32c97892c90
  TwilioVoice: f02ca9098bd746c9eeb4b9888998aa74cd17f3b8

PODFILE CHECKSUM: 30ce1fb15447995d8afae1aebf6bfe5256f43d30

COCOAPODS: 1.7.5
