// !$*UTF8*$!
{
	archiveVersion = 1;
	classes = {
	};
	objectVersion = 51;
	objects = {

/* Begin PBXBuildFile section */
		1FE0434306513C3BCDCB6CA8 /* Pods_HotSpotUITests.framework in Frameworks */ = {isa = PBXBuildFile; fileRef = AE0E2DC664BBC0080BDDB3AD /* Pods_HotSpotUITests.framework */; };
		2E20AF0B041166B2C6B8CCA9 /* Pods_HotSpot.framework in Frameworks */ = {isa = PBXBuildFile; fileRef = DE63EED1733784CEB35B5015 /* Pods_HotSpot.framework */; };
		612FE8D622DE6A0B00112AF2 /* AppDelegate.m in Sources */ = {isa = PBXBuildFile; fileRef = 612FE8D522DE6A0B00112AF2 /* AppDelegate.m */; };
		612FE8DE22DE6A0D00112AF2 /* Assets.xcassets in Resources */ = {isa = PBXBuildFile; fileRef = 612FE8DD22DE6A0D00112AF2 /* Assets.xcassets */; };
		612FE8E122DE6A0D00112AF2 /* LaunchScreen.storyboard in Resources */ = {isa = PBXBuildFile; fileRef = 612FE8DF22DE6A0D00112AF2 /* LaunchScreen.storyboard */; };
		612FE8E422DE6A0D00112AF2 /* main.m in Sources */ = {isa = PBXBuildFile; fileRef = 612FE8E322DE6A0D00112AF2 /* main.m */; };
		612FE8EE22DE6A0D00112AF2 /* HotSpotTests.m in Sources */ = {isa = PBXBuildFile; fileRef = 612FE8ED22DE6A0D00112AF2 /* HotSpotTests.m */; };
		612FE8F922DE6A0D00112AF2 /* HotSpotUITests.m in Sources */ = {isa = PBXBuildFile; fileRef = 612FE8F822DE6A0D00112AF2 /* HotSpotUITests.m */; };
		612FE91422DE9A9500112AF2 /* MapKit.framework in Frameworks */ = {isa = PBXBuildFile; fileRef = 612FE91322DE9A9500112AF2 /* MapKit.framework */; };
		61547D6822EB9A0E00E57E34 /* DetailsViewController.m in Sources */ = {isa = PBXBuildFile; fileRef = 61547D5C22EB9A0D00E57E34 /* DetailsViewController.m */; };
		61547D6922EB9A0E00E57E34 /* BookingViewController.m in Sources */ = {isa = PBXBuildFile; fileRef = 61547D5D22EB9A0D00E57E34 /* BookingViewController.m */; };
		61547D6A22EB9A0E00E57E34 /* BookedParkingSpotsViewController.m in Sources */ = {isa = PBXBuildFile; fileRef = 61547D5F22EB9A0D00E57E34 /* BookedParkingSpotsViewController.m */; };
		61547D6B22EB9A0E00E57E34 /* MapViewController.m in Sources */ = {isa = PBXBuildFile; fileRef = 61547D6022EB9A0D00E57E34 /* MapViewController.m */; };
		61547D6C22EB9A0E00E57E34 /* CurrentParkingSpotsViewController.m in Sources */ = {isa = PBXBuildFile; fileRef = 61547D6422EB9A0E00E57E34 /* CurrentParkingSpotsViewController.m */; };
		61547D6D22EB9A0E00E57E34 /* MainContainerViewController.m in Sources */ = {isa = PBXBuildFile; fileRef = 61547D6522EB9A0E00E57E34 /* MainContainerViewController.m */; };
		61547D6E22EB9A0E00E57E34 /* ParkingSearchViewController.m in Sources */ = {isa = PBXBuildFile; fileRef = 61547D6722EB9A0E00E57E34 /* ParkingSearchViewController.m */; };
		6186184022EA19F9007A2BD9 /* AnnotationPin.m in Sources */ = {isa = PBXBuildFile; fileRef = 6186183F22EA19F9007A2BD9 /* AnnotationPin.m */; };
		61AB0BB822DFEFAA002B7EB6 /* Current.storyboard in Resources */ = {isa = PBXBuildFile; fileRef = 61AB0BB722DFEFAA002B7EB6 /* Current.storyboard */; };
		61AB0BBD22E0F966002B7EB6 /* Booked.storyboard in Resources */ = {isa = PBXBuildFile; fileRef = 61AB0BBC22E0F966002B7EB6 /* Booked.storyboard */; };
		61AB0BCA22E13E50002B7EB6 /* SearchResult.m in Sources */ = {isa = PBXBuildFile; fileRef = 61AB0BC922E13E50002B7EB6 /* SearchResult.m */; };
		61BA376922EB9DD3002C1B5A /* ConfirmationViewController.m in Sources */ = {isa = PBXBuildFile; fileRef = 61BA376222EB9DD3002C1B5A /* ConfirmationViewController.m */; };
		8834DDE07841E03D69B0AD4D /* Pods_HotSpotTests.framework in Frameworks */ = {isa = PBXBuildFile; fileRef = 82CBD2548F49C9F32A5AED14 /* Pods_HotSpotTests.framework */; };
		ADBA5DCE22E638F80055BB17 /* Car.m in Sources */ = {isa = PBXBuildFile; fileRef = ADBA5DCD22E638F80055BB17 /* Car.m */; };
		ADBB8D6222E7B8E0004C28EA /* AddCarViewController.m in Sources */ = {isa = PBXBuildFile; fileRef = ADBB8D6122E7B8E0004C28EA /* AddCarViewController.m */; };
		ADC06E8D22DFCFFB00ED3F4D /* SettingsViewController.m in Sources */ = {isa = PBXBuildFile; fileRef = ADC06E8C22DFCFFB00ED3F4D /* SettingsViewController.m */; };
		ADC06E9422E1195B00ED3F4D /* Profile.storyboard in Resources */ = {isa = PBXBuildFile; fileRef = ADC06E9322E1195B00ED3F4D /* Profile.storyboard */; };
		ADC06E9722E119B000ED3F4D /* ProfileViewController.m in Sources */ = {isa = PBXBuildFile; fileRef = ADC06E9622E119B000ED3F4D /* ProfileViewController.m */; };
		ADC06E9A22E12F7D00ED3F4D /* CarCell.m in Sources */ = {isa = PBXBuildFile; fileRef = ADC06E9922E12F7D00ED3F4D /* CarCell.m */; };
		ADC06E9D22E13B1100ED3F4D /* CarsViewController.m in Sources */ = {isa = PBXBuildFile; fileRef = ADC06E9C22E13B1100ED3F4D /* CarsViewController.m */; };
		ADC06EA022E147FF00ED3F4D /* EditInformationViewController.m in Sources */ = {isa = PBXBuildFile; fileRef = ADC06E9F22E147FF00ED3F4D /* EditInformationViewController.m */; };
		ADCF9FE722E9211700EF9E66 /* EditCarViewController.m in Sources */ = {isa = PBXBuildFile; fileRef = ADCF9FE622E9211700EF9E66 /* EditCarViewController.m */; };
		ADCF9FEA22EA5D2E00EF9E66 /* ImagePickerHelper.m in Sources */ = {isa = PBXBuildFile; fileRef = ADCF9FE922EA5D2E00EF9E66 /* ImagePickerHelper.m */; };
		ADCF9FED22EB745B00EF9E66 /* RegexHelper.m in Sources */ = {isa = PBXBuildFile; fileRef = ADCF9FEC22EB745B00EF9E66 /* RegexHelper.m */; };
		ADCF9FEF22F233CF00EF9E66 /* Settings.storyboard in Resources */ = {isa = PBXBuildFile; fileRef = ADCF9FEE22F233CF00EF9E66 /* Settings.storyboard */; };
		ADEC07D522DE7FE70035274F /* SignUpViewController.m in Sources */ = {isa = PBXBuildFile; fileRef = ADEC07D422DE7FE70035274F /* SignUpViewController.m */; };
		ADEC07D822DE80310035274F /* LoginViewController.m in Sources */ = {isa = PBXBuildFile; fileRef = ADEC07D722DE80310035274F /* LoginViewController.m */; };
		ADEC07DB22DE80AA0035274F /* LoginSignUp.storyboard in Resources */ = {isa = PBXBuildFile; fileRef = ADEC07DA22DE80AA0035274F /* LoginSignUp.storyboard */; };
		D21C7D6122E26817000BF3B1 /* TimeInterval.m in Sources */ = {isa = PBXBuildFile; fileRef = D21C7D6022E26817000BF3B1 /* TimeInterval.m */; };
		D22F501122E7D974004BE9BF /* TimeCell.m in Sources */ = {isa = PBXBuildFile; fileRef = D22F501022E7D974004BE9BF /* TimeCell.m */; };
		D22F501422E920A7004BE9BF /* TimeSlot.m in Sources */ = {isa = PBXBuildFile; fileRef = D22F501322E920A7004BE9BF /* TimeSlot.m */; };
		D22F501622EA2098004BE9BF /* Tabs.storyboard in Resources */ = {isa = PBXBuildFile; fileRef = D22F501522EA2098004BE9BF /* Tabs.storyboard */; };
		D264E26022F20C500054391A /* Call.storyboard in Resources */ = {isa = PBXBuildFile; fileRef = D264E25F22F20C500054391A /* Call.storyboard */; };
		D264E26622F20D330054391A /* CallViewController.m in Sources */ = {isa = PBXBuildFile; fileRef = D264E26522F20D330054391A /* CallViewController.m */; };
		D264E26D22F214540054391A /* incoming.wav in Resources */ = {isa = PBXBuildFile; fileRef = D264E26A22F214540054391A /* incoming.wav */; };
		D264E26E22F214540054391A /* outgoing.wav in Resources */ = {isa = PBXBuildFile; fileRef = D264E26B22F214540054391A /* outgoing.wav */; };
		D264E26F22F214540054391A /* disconnect.wav in Resources */ = {isa = PBXBuildFile; fileRef = D264E26C22F214540054391A /* disconnect.wav */; };
		D264E27222F352E30054391A /* CallManager.m in Sources */ = {isa = PBXBuildFile; fileRef = D264E27122F352E30054391A /* CallManager.m */; };
		D26617C622EB689700255BC3 /* SearchCell.m in Sources */ = {isa = PBXBuildFile; fileRef = D26617C422EB689700255BC3 /* SearchCell.m */; };
		D27B986B22E654170018EFE4 /* UIKit.framework in Frameworks */ = {isa = PBXBuildFile; fileRef = D27B986A22E654170018EFE4 /* UIKit.framework */; };
		D2B2771F22DE868600EBC4EC /* DataManager.m in Sources */ = {isa = PBXBuildFile; fileRef = D2B2771E22DE868600EBC4EC /* DataManager.m */; };
		D2B2772322DE8A7300EBC4EC /* Booking.m in Sources */ = {isa = PBXBuildFile; fileRef = D2B2772222DE8A7300EBC4EC /* Booking.m */; };
		D2B2772822DFBD9D00EBC4EC /* Listing.m in Sources */ = {isa = PBXBuildFile; fileRef = D2B2772722DFBD9D00EBC4EC /* Listing.m */; };
		D2B2772B22DFBEF900EBC4EC /* UserDataManager.m in Sources */ = {isa = PBXBuildFile; fileRef = D2B2772A22DFBEF900EBC4EC /* UserDataManager.m */; };
		D2BD364D22E111200001BD61 /* Booking.storyboard in Resources */ = {isa = PBXBuildFile; fileRef = D2BD364C22E111200001BD61 /* Booking.storyboard */; };
		D2C50F7F22F11839003AB2E0 /* MessageUI.framework in Frameworks */ = {isa = PBXBuildFile; fileRef = D2C50F7E22F11839003AB2E0 /* MessageUI.framework */; };
		D2ECF6B522F8A9B900901E9D /* Checkin.storyboard in Resources */ = {isa = PBXBuildFile; fileRef = D2ECF6B422F8A9B900901E9D /* Checkin.storyboard */; };
		D2ECF6B722F8D37F00901E9D /* Checkout.storyboard in Resources */ = {isa = PBXBuildFile; fileRef = D2ECF6B622F8D37F00901E9D /* Checkout.storyboard */; };
		D2ECF6BA22F8E2F800901E9D /* CarView.m in Sources */ = {isa = PBXBuildFile; fileRef = D2ECF6B922F8E2F800901E9D /* CarView.m */; };
		D2ECF6BD22F8E85800901E9D /* CheckoutViewController.m in Sources */ = {isa = PBXBuildFile; fileRef = D2ECF6BC22F8E85800901E9D /* CheckoutViewController.m */; };
		D2ECF6C022F8E88F00901E9D /* MoreTimeViewController.m in Sources */ = {isa = PBXBuildFile; fileRef = D2ECF6BF22F8E88F00901E9D /* MoreTimeViewController.m */; };
		D2ECF6C322F8FBA200901E9D /* CheckinViewController.m in Sources */ = {isa = PBXBuildFile; fileRef = D2ECF6C222F8FBA200901E9D /* CheckinViewController.m */; };
		D2F3E48922EBA57A00E8AC55 /* ContainerViewSearch.storyboard in Resources */ = {isa = PBXBuildFile; fileRef = D2F3E48822EBA57A00E8AC55 /* ContainerViewSearch.storyboard */; };
/* End PBXBuildFile section */

/* Begin PBXContainerItemProxy section */
		612FE8EA22DE6A0D00112AF2 /* PBXContainerItemProxy */ = {
			isa = PBXContainerItemProxy;
			containerPortal = 612FE8C922DE6A0B00112AF2 /* Project object */;
			proxyType = 1;
			remoteGlobalIDString = 612FE8D022DE6A0B00112AF2;
			remoteInfo = HotSpot;
		};
		612FE8F522DE6A0D00112AF2 /* PBXContainerItemProxy */ = {
			isa = PBXContainerItemProxy;
			containerPortal = 612FE8C922DE6A0B00112AF2 /* Project object */;
			proxyType = 1;
			remoteGlobalIDString = 612FE8D022DE6A0B00112AF2;
			remoteInfo = HotSpot;
		};
/* End PBXContainerItemProxy section */

/* Begin PBXFileReference section */
		043F1AB701521A52163B3E93 /* Pods-HotSpotUITests.release.xcconfig */ = {isa = PBXFileReference; includeInIndex = 1; lastKnownFileType = text.xcconfig; name = "Pods-HotSpotUITests.release.xcconfig"; path = "Target Support Files/Pods-HotSpotUITests/Pods-HotSpotUITests.release.xcconfig"; sourceTree = "<group>"; };
		32CFB9A7930248B3AAE2E9D2 /* Pods-HotSpotUITests.debug.xcconfig */ = {isa = PBXFileReference; includeInIndex = 1; lastKnownFileType = text.xcconfig; name = "Pods-HotSpotUITests.debug.xcconfig"; path = "Target Support Files/Pods-HotSpotUITests/Pods-HotSpotUITests.debug.xcconfig"; sourceTree = "<group>"; };
		54A66600EFC49BC2B1D55B91 /* Pods-HotSpot.debug.xcconfig */ = {isa = PBXFileReference; includeInIndex = 1; lastKnownFileType = text.xcconfig; name = "Pods-HotSpot.debug.xcconfig"; path = "Target Support Files/Pods-HotSpot/Pods-HotSpot.debug.xcconfig"; sourceTree = "<group>"; };
		58EED40F33169F980E16D603 /* Pods-HotSpotTests.debug.xcconfig */ = {isa = PBXFileReference; includeInIndex = 1; lastKnownFileType = text.xcconfig; name = "Pods-HotSpotTests.debug.xcconfig"; path = "Target Support Files/Pods-HotSpotTests/Pods-HotSpotTests.debug.xcconfig"; sourceTree = "<group>"; };
		612FE8D122DE6A0B00112AF2 /* HotSpot.app */ = {isa = PBXFileReference; explicitFileType = wrapper.application; includeInIndex = 0; path = HotSpot.app; sourceTree = BUILT_PRODUCTS_DIR; };
		612FE8D422DE6A0B00112AF2 /* AppDelegate.h */ = {isa = PBXFileReference; lastKnownFileType = sourcecode.c.h; path = AppDelegate.h; sourceTree = "<group>"; };
		612FE8D522DE6A0B00112AF2 /* AppDelegate.m */ = {isa = PBXFileReference; lastKnownFileType = sourcecode.c.objc; path = AppDelegate.m; sourceTree = "<group>"; };
		612FE8DD22DE6A0D00112AF2 /* Assets.xcassets */ = {isa = PBXFileReference; lastKnownFileType = folder.assetcatalog; path = Assets.xcassets; sourceTree = "<group>"; };
		612FE8E022DE6A0D00112AF2 /* Base */ = {isa = PBXFileReference; lastKnownFileType = file.storyboard; name = Base; path = Base.lproj/LaunchScreen.storyboard; sourceTree = "<group>"; };
		612FE8E222DE6A0D00112AF2 /* Info.plist */ = {isa = PBXFileReference; lastKnownFileType = text.plist.xml; path = Info.plist; sourceTree = "<group>"; };
		612FE8E322DE6A0D00112AF2 /* main.m */ = {isa = PBXFileReference; lastKnownFileType = sourcecode.c.objc; path = main.m; sourceTree = "<group>"; };
		612FE8E922DE6A0D00112AF2 /* HotSpotTests.xctest */ = {isa = PBXFileReference; explicitFileType = wrapper.cfbundle; includeInIndex = 0; path = HotSpotTests.xctest; sourceTree = BUILT_PRODUCTS_DIR; };
		612FE8ED22DE6A0D00112AF2 /* HotSpotTests.m */ = {isa = PBXFileReference; lastKnownFileType = sourcecode.c.objc; path = HotSpotTests.m; sourceTree = "<group>"; };
		612FE8EF22DE6A0D00112AF2 /* Info.plist */ = {isa = PBXFileReference; lastKnownFileType = text.plist.xml; path = Info.plist; sourceTree = "<group>"; };
		612FE8F422DE6A0D00112AF2 /* HotSpotUITests.xctest */ = {isa = PBXFileReference; explicitFileType = wrapper.cfbundle; includeInIndex = 0; path = HotSpotUITests.xctest; sourceTree = BUILT_PRODUCTS_DIR; };
		612FE8F822DE6A0D00112AF2 /* HotSpotUITests.m */ = {isa = PBXFileReference; lastKnownFileType = sourcecode.c.objc; path = HotSpotUITests.m; sourceTree = "<group>"; };
		612FE8FA22DE6A0D00112AF2 /* Info.plist */ = {isa = PBXFileReference; lastKnownFileType = text.plist.xml; path = Info.plist; sourceTree = "<group>"; };
		612FE90822DE801A00112AF2 /* Search.storyboard */ = {isa = PBXFileReference; lastKnownFileType = file.storyboard; path = Search.storyboard; sourceTree = "<group>"; };
		612FE91322DE9A9500112AF2 /* MapKit.framework */ = {isa = PBXFileReference; lastKnownFileType = wrapper.framework; name = MapKit.framework; path = System/Library/Frameworks/MapKit.framework; sourceTree = SDKROOT; };
		61547D5C22EB9A0D00E57E34 /* DetailsViewController.m */ = {isa = PBXFileReference; fileEncoding = 4; lastKnownFileType = sourcecode.c.objc; name = DetailsViewController.m; path = "HotSpot/View Controllers/DetailsViewController.m"; sourceTree = SOURCE_ROOT; };
		61547D5D22EB9A0D00E57E34 /* BookingViewController.m */ = {isa = PBXFileReference; fileEncoding = 4; lastKnownFileType = sourcecode.c.objc; name = BookingViewController.m; path = "HotSpot/View Controllers/BookingViewController.m"; sourceTree = SOURCE_ROOT; };
		61547D5E22EB9A0D00E57E34 /* MainContainerViewController.h */ = {isa = PBXFileReference; fileEncoding = 4; lastKnownFileType = sourcecode.c.h; name = MainContainerViewController.h; path = "HotSpot/View Controllers/MainContainerViewController.h"; sourceTree = SOURCE_ROOT; };
		61547D5F22EB9A0D00E57E34 /* BookedParkingSpotsViewController.m */ = {isa = PBXFileReference; fileEncoding = 4; lastKnownFileType = sourcecode.c.objc; name = BookedParkingSpotsViewController.m; path = "HotSpot/View Controllers/BookedParkingSpotsViewController.m"; sourceTree = SOURCE_ROOT; };
		61547D6022EB9A0D00E57E34 /* MapViewController.m */ = {isa = PBXFileReference; fileEncoding = 4; lastKnownFileType = sourcecode.c.objc; name = MapViewController.m; path = "HotSpot/View Controllers/MapViewController.m"; sourceTree = SOURCE_ROOT; };
		61547D6122EB9A0D00E57E34 /* BookedParkingSpotsViewController.h */ = {isa = PBXFileReference; fileEncoding = 4; lastKnownFileType = sourcecode.c.h; name = BookedParkingSpotsViewController.h; path = "HotSpot/View Controllers/BookedParkingSpotsViewController.h"; sourceTree = SOURCE_ROOT; };
		61547D6222EB9A0D00E57E34 /* ParkingSearchViewController.h */ = {isa = PBXFileReference; fileEncoding = 4; lastKnownFileType = sourcecode.c.h; name = ParkingSearchViewController.h; path = "HotSpot/View Controllers/ParkingSearchViewController.h"; sourceTree = SOURCE_ROOT; };
		61547D6322EB9A0D00E57E34 /* CurrentParkingSpotsViewController.h */ = {isa = PBXFileReference; fileEncoding = 4; lastKnownFileType = sourcecode.c.h; name = CurrentParkingSpotsViewController.h; path = "HotSpot/View Controllers/CurrentParkingSpotsViewController.h"; sourceTree = SOURCE_ROOT; };
		61547D6422EB9A0E00E57E34 /* CurrentParkingSpotsViewController.m */ = {isa = PBXFileReference; fileEncoding = 4; lastKnownFileType = sourcecode.c.objc; name = CurrentParkingSpotsViewController.m; path = "HotSpot/View Controllers/CurrentParkingSpotsViewController.m"; sourceTree = SOURCE_ROOT; };
		61547D6522EB9A0E00E57E34 /* MainContainerViewController.m */ = {isa = PBXFileReference; fileEncoding = 4; lastKnownFileType = sourcecode.c.objc; name = MainContainerViewController.m; path = "HotSpot/View Controllers/MainContainerViewController.m"; sourceTree = SOURCE_ROOT; };
		61547D6622EB9A0E00E57E34 /* MapViewController.h */ = {isa = PBXFileReference; fileEncoding = 4; lastKnownFileType = sourcecode.c.h; name = MapViewController.h; path = "HotSpot/View Controllers/MapViewController.h"; sourceTree = SOURCE_ROOT; };
		61547D6722EB9A0E00E57E34 /* ParkingSearchViewController.m */ = {isa = PBXFileReference; fileEncoding = 4; lastKnownFileType = sourcecode.c.objc; name = ParkingSearchViewController.m; path = "HotSpot/View Controllers/ParkingSearchViewController.m"; sourceTree = SOURCE_ROOT; };
		6186183E22EA19F9007A2BD9 /* AnnotationPin.h */ = {isa = PBXFileReference; lastKnownFileType = sourcecode.c.h; path = AnnotationPin.h; sourceTree = "<group>"; };
		6186183F22EA19F9007A2BD9 /* AnnotationPin.m */ = {isa = PBXFileReference; lastKnownFileType = sourcecode.c.objc; path = AnnotationPin.m; sourceTree = "<group>"; };
		61AB0BB722DFEFAA002B7EB6 /* Current.storyboard */ = {isa = PBXFileReference; lastKnownFileType = file.storyboard; path = Current.storyboard; sourceTree = "<group>"; };
		61AB0BBC22E0F966002B7EB6 /* Booked.storyboard */ = {isa = PBXFileReference; lastKnownFileType = file.storyboard; path = Booked.storyboard; sourceTree = "<group>"; };
		61AB0BC822E13E50002B7EB6 /* SearchResult.h */ = {isa = PBXFileReference; lastKnownFileType = sourcecode.c.h; path = SearchResult.h; sourceTree = "<group>"; };
		61AB0BC922E13E50002B7EB6 /* SearchResult.m */ = {isa = PBXFileReference; lastKnownFileType = sourcecode.c.objc; path = SearchResult.m; sourceTree = "<group>"; };
		61BA375F22EB9DD3002C1B5A /* ConfirmationViewController.h */ = {isa = PBXFileReference; fileEncoding = 4; lastKnownFileType = sourcecode.c.h; path = ConfirmationViewController.h; sourceTree = "<group>"; };
		61BA376022EB9DD3002C1B5A /* DetailsViewController.h */ = {isa = PBXFileReference; fileEncoding = 4; lastKnownFileType = sourcecode.c.h; path = DetailsViewController.h; sourceTree = "<group>"; };
		61BA376222EB9DD3002C1B5A /* ConfirmationViewController.m */ = {isa = PBXFileReference; fileEncoding = 4; lastKnownFileType = sourcecode.c.objc; path = ConfirmationViewController.m; sourceTree = "<group>"; };
		61BA376322EB9DD3002C1B5A /* BookingViewController.h */ = {isa = PBXFileReference; fileEncoding = 4; lastKnownFileType = sourcecode.c.h; path = BookingViewController.h; sourceTree = "<group>"; };
		82CBD2548F49C9F32A5AED14 /* Pods_HotSpotTests.framework */ = {isa = PBXFileReference; explicitFileType = wrapper.framework; includeInIndex = 0; path = Pods_HotSpotTests.framework; sourceTree = BUILT_PRODUCTS_DIR; };
		A517A8E8AABE0EB29E38F4A3 /* Pods-HotSpot.release.xcconfig */ = {isa = PBXFileReference; includeInIndex = 1; lastKnownFileType = text.xcconfig; name = "Pods-HotSpot.release.xcconfig"; path = "Target Support Files/Pods-HotSpot/Pods-HotSpot.release.xcconfig"; sourceTree = "<group>"; };
		ADBA5DCC22E638F80055BB17 /* Car.h */ = {isa = PBXFileReference; lastKnownFileType = sourcecode.c.h; path = Car.h; sourceTree = "<group>"; };
		ADBA5DCD22E638F80055BB17 /* Car.m */ = {isa = PBXFileReference; lastKnownFileType = sourcecode.c.objc; path = Car.m; sourceTree = "<group>"; };
		ADBB8D6022E7B8E0004C28EA /* AddCarViewController.h */ = {isa = PBXFileReference; lastKnownFileType = sourcecode.c.h; path = AddCarViewController.h; sourceTree = "<group>"; };
		ADBB8D6122E7B8E0004C28EA /* AddCarViewController.m */ = {isa = PBXFileReference; lastKnownFileType = sourcecode.c.objc; path = AddCarViewController.m; sourceTree = "<group>"; };
		ADC06E8B22DFCFFB00ED3F4D /* SettingsViewController.h */ = {isa = PBXFileReference; lastKnownFileType = sourcecode.c.h; path = SettingsViewController.h; sourceTree = "<group>"; };
		ADC06E8C22DFCFFB00ED3F4D /* SettingsViewController.m */ = {isa = PBXFileReference; lastKnownFileType = sourcecode.c.objc; path = SettingsViewController.m; sourceTree = "<group>"; };
		ADC06E9322E1195B00ED3F4D /* Profile.storyboard */ = {isa = PBXFileReference; lastKnownFileType = file.storyboard; path = Profile.storyboard; sourceTree = "<group>"; };
		ADC06E9522E119B000ED3F4D /* ProfileViewController.h */ = {isa = PBXFileReference; lastKnownFileType = sourcecode.c.h; path = ProfileViewController.h; sourceTree = "<group>"; };
		ADC06E9622E119B000ED3F4D /* ProfileViewController.m */ = {isa = PBXFileReference; lastKnownFileType = sourcecode.c.objc; path = ProfileViewController.m; sourceTree = "<group>"; };
		ADC06E9822E12F7D00ED3F4D /* CarCell.h */ = {isa = PBXFileReference; lastKnownFileType = sourcecode.c.h; path = CarCell.h; sourceTree = "<group>"; };
		ADC06E9922E12F7D00ED3F4D /* CarCell.m */ = {isa = PBXFileReference; lastKnownFileType = sourcecode.c.objc; path = CarCell.m; sourceTree = "<group>"; };
		ADC06E9B22E13B1100ED3F4D /* CarsViewController.h */ = {isa = PBXFileReference; lastKnownFileType = sourcecode.c.h; path = CarsViewController.h; sourceTree = "<group>"; };
		ADC06E9C22E13B1100ED3F4D /* CarsViewController.m */ = {isa = PBXFileReference; lastKnownFileType = sourcecode.c.objc; path = CarsViewController.m; sourceTree = "<group>"; };
		ADC06E9E22E147FF00ED3F4D /* EditInformationViewController.h */ = {isa = PBXFileReference; lastKnownFileType = sourcecode.c.h; path = EditInformationViewController.h; sourceTree = "<group>"; };
		ADC06E9F22E147FF00ED3F4D /* EditInformationViewController.m */ = {isa = PBXFileReference; lastKnownFileType = sourcecode.c.objc; path = EditInformationViewController.m; sourceTree = "<group>"; };
		ADCF9FE522E9211700EF9E66 /* EditCarViewController.h */ = {isa = PBXFileReference; lastKnownFileType = sourcecode.c.h; path = EditCarViewController.h; sourceTree = "<group>"; };
		ADCF9FE622E9211700EF9E66 /* EditCarViewController.m */ = {isa = PBXFileReference; lastKnownFileType = sourcecode.c.objc; path = EditCarViewController.m; sourceTree = "<group>"; };
		ADCF9FE822EA5D2E00EF9E66 /* ImagePickerHelper.h */ = {isa = PBXFileReference; lastKnownFileType = sourcecode.c.h; path = ImagePickerHelper.h; sourceTree = "<group>"; };
		ADCF9FE922EA5D2E00EF9E66 /* ImagePickerHelper.m */ = {isa = PBXFileReference; lastKnownFileType = sourcecode.c.objc; path = ImagePickerHelper.m; sourceTree = "<group>"; };
		ADCF9FEB22EB745B00EF9E66 /* RegexHelper.h */ = {isa = PBXFileReference; lastKnownFileType = sourcecode.c.h; name = RegexHelper.h; path = HotSpot/RegexHelper.h; sourceTree = SOURCE_ROOT; };
		ADCF9FEC22EB745B00EF9E66 /* RegexHelper.m */ = {isa = PBXFileReference; lastKnownFileType = sourcecode.c.objc; name = RegexHelper.m; path = HotSpot/RegexHelper.m; sourceTree = SOURCE_ROOT; };
		ADCF9FEE22F233CF00EF9E66 /* Settings.storyboard */ = {isa = PBXFileReference; fileEncoding = 4; lastKnownFileType = file.storyboard; path = Settings.storyboard; sourceTree = "<group>"; };
		ADEC07D322DE7FE70035274F /* SignUpViewController.h */ = {isa = PBXFileReference; lastKnownFileType = sourcecode.c.h; path = SignUpViewController.h; sourceTree = "<group>"; };
		ADEC07D422DE7FE70035274F /* SignUpViewController.m */ = {isa = PBXFileReference; lastKnownFileType = sourcecode.c.objc; path = SignUpViewController.m; sourceTree = "<group>"; };
		ADEC07D622DE80310035274F /* LoginViewController.h */ = {isa = PBXFileReference; lastKnownFileType = sourcecode.c.h; path = LoginViewController.h; sourceTree = "<group>"; };
		ADEC07D722DE80310035274F /* LoginViewController.m */ = {isa = PBXFileReference; lastKnownFileType = sourcecode.c.objc; path = LoginViewController.m; sourceTree = "<group>"; };
		ADEC07DA22DE80AA0035274F /* LoginSignUp.storyboard */ = {isa = PBXFileReference; lastKnownFileType = file.storyboard; path = LoginSignUp.storyboard; sourceTree = "<group>"; };
		AE0E2DC664BBC0080BDDB3AD /* Pods_HotSpotUITests.framework */ = {isa = PBXFileReference; explicitFileType = wrapper.framework; includeInIndex = 0; path = Pods_HotSpotUITests.framework; sourceTree = BUILT_PRODUCTS_DIR; };
		D21C7D5F22E26817000BF3B1 /* TimeInterval.h */ = {isa = PBXFileReference; lastKnownFileType = sourcecode.c.h; path = TimeInterval.h; sourceTree = "<group>"; };
		D21C7D6022E26817000BF3B1 /* TimeInterval.m */ = {isa = PBXFileReference; lastKnownFileType = sourcecode.c.objc; path = TimeInterval.m; sourceTree = "<group>"; };
		D22F500F22E7D974004BE9BF /* TimeCell.h */ = {isa = PBXFileReference; lastKnownFileType = sourcecode.c.h; path = TimeCell.h; sourceTree = "<group>"; };
		D22F501022E7D974004BE9BF /* TimeCell.m */ = {isa = PBXFileReference; lastKnownFileType = sourcecode.c.objc; path = TimeCell.m; sourceTree = "<group>"; };
		D22F501222E920A7004BE9BF /* TimeSlot.h */ = {isa = PBXFileReference; lastKnownFileType = sourcecode.c.h; path = TimeSlot.h; sourceTree = "<group>"; };
		D22F501322E920A7004BE9BF /* TimeSlot.m */ = {isa = PBXFileReference; lastKnownFileType = sourcecode.c.objc; path = TimeSlot.m; sourceTree = "<group>"; };
		D22F501522EA2098004BE9BF /* Tabs.storyboard */ = {isa = PBXFileReference; lastKnownFileType = file.storyboard; path = Tabs.storyboard; sourceTree = "<group>"; };
		D264E25E22F1FE360054391A /* HotSpot.entitlements */ = {isa = PBXFileReference; lastKnownFileType = text.plist.entitlements; path = HotSpot.entitlements; sourceTree = "<group>"; };
		D264E25F22F20C500054391A /* Call.storyboard */ = {isa = PBXFileReference; fileEncoding = 4; lastKnownFileType = file.storyboard; path = Call.storyboard; sourceTree = "<group>"; };
		D264E26422F20D330054391A /* CallViewController.h */ = {isa = PBXFileReference; lastKnownFileType = sourcecode.c.h; path = CallViewController.h; sourceTree = "<group>"; };
		D264E26522F20D330054391A /* CallViewController.m */ = {isa = PBXFileReference; lastKnownFileType = sourcecode.c.objc; path = CallViewController.m; sourceTree = "<group>"; };
		D264E26A22F214540054391A /* incoming.wav */ = {isa = PBXFileReference; lastKnownFileType = audio.wav; path = incoming.wav; sourceTree = "<group>"; };
		D264E26B22F214540054391A /* outgoing.wav */ = {isa = PBXFileReference; lastKnownFileType = audio.wav; path = outgoing.wav; sourceTree = "<group>"; };
		D264E26C22F214540054391A /* disconnect.wav */ = {isa = PBXFileReference; lastKnownFileType = audio.wav; path = disconnect.wav; sourceTree = "<group>"; };
		D264E27022F352E30054391A /* CallManager.h */ = {isa = PBXFileReference; lastKnownFileType = sourcecode.c.h; path = CallManager.h; sourceTree = "<group>"; };
		D264E27122F352E30054391A /* CallManager.m */ = {isa = PBXFileReference; lastKnownFileType = sourcecode.c.objc; path = CallManager.m; sourceTree = "<group>"; };
		D26617C422EB689700255BC3 /* SearchCell.m */ = {isa = PBXFileReference; fileEncoding = 4; lastKnownFileType = sourcecode.c.objc; path = SearchCell.m; sourceTree = "<group>"; };
		D26617C522EB689700255BC3 /* SearchCell.h */ = {isa = PBXFileReference; fileEncoding = 4; lastKnownFileType = sourcecode.c.h; path = SearchCell.h; sourceTree = "<group>"; };
		D27B986A22E654170018EFE4 /* UIKit.framework */ = {isa = PBXFileReference; lastKnownFileType = wrapper.framework; name = UIKit.framework; path = System/Library/Frameworks/UIKit.framework; sourceTree = SDKROOT; };
		D2B2771D22DE868600EBC4EC /* DataManager.h */ = {isa = PBXFileReference; lastKnownFileType = sourcecode.c.h; path = DataManager.h; sourceTree = "<group>"; };
		D2B2771E22DE868600EBC4EC /* DataManager.m */ = {isa = PBXFileReference; lastKnownFileType = sourcecode.c.objc; path = DataManager.m; sourceTree = "<group>"; };
		D2B2772122DE8A7300EBC4EC /* Booking.h */ = {isa = PBXFileReference; lastKnownFileType = sourcecode.c.h; path = Booking.h; sourceTree = "<group>"; };
		D2B2772222DE8A7300EBC4EC /* Booking.m */ = {isa = PBXFileReference; lastKnownFileType = sourcecode.c.objc; path = Booking.m; sourceTree = "<group>"; };
		D2B2772622DFBD9D00EBC4EC /* Listing.h */ = {isa = PBXFileReference; lastKnownFileType = sourcecode.c.h; path = Listing.h; sourceTree = "<group>"; };
		D2B2772722DFBD9D00EBC4EC /* Listing.m */ = {isa = PBXFileReference; lastKnownFileType = sourcecode.c.objc; path = Listing.m; sourceTree = "<group>"; };
		D2B2772922DFBEF900EBC4EC /* UserDataManager.h */ = {isa = PBXFileReference; lastKnownFileType = sourcecode.c.h; path = UserDataManager.h; sourceTree = "<group>"; };
		D2B2772A22DFBEF900EBC4EC /* UserDataManager.m */ = {isa = PBXFileReference; lastKnownFileType = sourcecode.c.objc; path = UserDataManager.m; sourceTree = "<group>"; };
		D2BD364C22E111200001BD61 /* Booking.storyboard */ = {isa = PBXFileReference; lastKnownFileType = file.storyboard; path = Booking.storyboard; sourceTree = "<group>"; };
		D2C50F7E22F11839003AB2E0 /* MessageUI.framework */ = {isa = PBXFileReference; lastKnownFileType = wrapper.framework; name = MessageUI.framework; path = System/Library/Frameworks/MessageUI.framework; sourceTree = SDKROOT; };
		D2ECF6B422F8A9B900901E9D /* Checkin.storyboard */ = {isa = PBXFileReference; lastKnownFileType = file.storyboard; path = Checkin.storyboard; sourceTree = "<group>"; };
		D2ECF6B622F8D37F00901E9D /* Checkout.storyboard */ = {isa = PBXFileReference; lastKnownFileType = file.storyboard; path = Checkout.storyboard; sourceTree = "<group>"; };
		D2ECF6B822F8E2F800901E9D /* CarView.h */ = {isa = PBXFileReference; lastKnownFileType = sourcecode.c.h; path = CarView.h; sourceTree = "<group>"; };
		D2ECF6B922F8E2F800901E9D /* CarView.m */ = {isa = PBXFileReference; lastKnownFileType = sourcecode.c.objc; path = CarView.m; sourceTree = "<group>"; };
		D2ECF6BB22F8E85800901E9D /* CheckoutViewController.h */ = {isa = PBXFileReference; lastKnownFileType = sourcecode.c.h; path = CheckoutViewController.h; sourceTree = "<group>"; };
		D2ECF6BC22F8E85800901E9D /* CheckoutViewController.m */ = {isa = PBXFileReference; lastKnownFileType = sourcecode.c.objc; path = CheckoutViewController.m; sourceTree = "<group>"; };
		D2ECF6BE22F8E88F00901E9D /* MoreTimeViewController.h */ = {isa = PBXFileReference; lastKnownFileType = sourcecode.c.h; path = MoreTimeViewController.h; sourceTree = "<group>"; };
		D2ECF6BF22F8E88F00901E9D /* MoreTimeViewController.m */ = {isa = PBXFileReference; lastKnownFileType = sourcecode.c.objc; path = MoreTimeViewController.m; sourceTree = "<group>"; };
		D2ECF6C122F8FBA200901E9D /* CheckinViewController.h */ = {isa = PBXFileReference; lastKnownFileType = sourcecode.c.h; path = CheckinViewController.h; sourceTree = "<group>"; };
		D2ECF6C222F8FBA200901E9D /* CheckinViewController.m */ = {isa = PBXFileReference; lastKnownFileType = sourcecode.c.objc; path = CheckinViewController.m; sourceTree = "<group>"; };
		D2F3E48822EBA57A00E8AC55 /* ContainerViewSearch.storyboard */ = {isa = PBXFileReference; fileEncoding = 4; lastKnownFileType = file.storyboard; path = ContainerViewSearch.storyboard; sourceTree = "<group>"; };
		DE63EED1733784CEB35B5015 /* Pods_HotSpot.framework */ = {isa = PBXFileReference; explicitFileType = wrapper.framework; includeInIndex = 0; path = Pods_HotSpot.framework; sourceTree = BUILT_PRODUCTS_DIR; };
		F3A8C7CA6B9E48BB606312DE /* Pods-HotSpotTests.release.xcconfig */ = {isa = PBXFileReference; includeInIndex = 1; lastKnownFileType = text.xcconfig; name = "Pods-HotSpotTests.release.xcconfig"; path = "Target Support Files/Pods-HotSpotTests/Pods-HotSpotTests.release.xcconfig"; sourceTree = "<group>"; };
/* End PBXFileReference section */

/* Begin PBXFrameworksBuildPhase section */
		612FE8CE22DE6A0B00112AF2 /* Frameworks */ = {
			isa = PBXFrameworksBuildPhase;
			buildActionMask = 2147483647;
			files = (
				D2C50F7F22F11839003AB2E0 /* MessageUI.framework in Frameworks */,
				D27B986B22E654170018EFE4 /* UIKit.framework in Frameworks */,
				612FE91422DE9A9500112AF2 /* MapKit.framework in Frameworks */,
				2E20AF0B041166B2C6B8CCA9 /* Pods_HotSpot.framework in Frameworks */,
			);
			runOnlyForDeploymentPostprocessing = 0;
		};
		612FE8E622DE6A0D00112AF2 /* Frameworks */ = {
			isa = PBXFrameworksBuildPhase;
			buildActionMask = 2147483647;
			files = (
				8834DDE07841E03D69B0AD4D /* Pods_HotSpotTests.framework in Frameworks */,
			);
			runOnlyForDeploymentPostprocessing = 0;
		};
		612FE8F122DE6A0D00112AF2 /* Frameworks */ = {
			isa = PBXFrameworksBuildPhase;
			buildActionMask = 2147483647;
			files = (
				1FE0434306513C3BCDCB6CA8 /* Pods_HotSpotUITests.framework in Frameworks */,
			);
			runOnlyForDeploymentPostprocessing = 0;
		};
/* End PBXFrameworksBuildPhase section */

/* Begin PBXGroup section */
		5FF8D7C8385AFAA5A5F0A58F /* Pods */ = {
			isa = PBXGroup;
			children = (
				54A66600EFC49BC2B1D55B91 /* Pods-HotSpot.debug.xcconfig */,
				A517A8E8AABE0EB29E38F4A3 /* Pods-HotSpot.release.xcconfig */,
				58EED40F33169F980E16D603 /* Pods-HotSpotTests.debug.xcconfig */,
				F3A8C7CA6B9E48BB606312DE /* Pods-HotSpotTests.release.xcconfig */,
				32CFB9A7930248B3AAE2E9D2 /* Pods-HotSpotUITests.debug.xcconfig */,
				043F1AB701521A52163B3E93 /* Pods-HotSpotUITests.release.xcconfig */,
			);
			path = Pods;
			sourceTree = "<group>";
		};
		612FE8C822DE6A0B00112AF2 = {
			isa = PBXGroup;
			children = (
				612FE8D322DE6A0B00112AF2 /* HotSpot */,
				D264E26922F214340054391A /* Ringtones */,
				612FE8EC22DE6A0D00112AF2 /* HotSpotTests */,
				612FE8F722DE6A0D00112AF2 /* HotSpotUITests */,
				612FE8D222DE6A0B00112AF2 /* Products */,
				5FF8D7C8385AFAA5A5F0A58F /* Pods */,
				BACE3C37E144EA6607DB5993 /* Frameworks */,
			);
			sourceTree = "<group>";
		};
		612FE8D222DE6A0B00112AF2 /* Products */ = {
			isa = PBXGroup;
			children = (
				612FE8D122DE6A0B00112AF2 /* HotSpot.app */,
				612FE8E922DE6A0D00112AF2 /* HotSpotTests.xctest */,
				612FE8F422DE6A0D00112AF2 /* HotSpotUITests.xctest */,
			);
			name = Products;
			sourceTree = "<group>";
		};
		612FE8D322DE6A0B00112AF2 /* HotSpot */ = {
			isa = PBXGroup;
			children = (
				D264E25E22F1FE360054391A /* HotSpot.entitlements */,
				D22F500B22E7D946004BE9BF /* Views */,
				D2BD365122E11F0C0001BD61 /* View Controllers  */,
				D2B2772022DE8A5900EBC4EC /* Models */,
				61AB0BB722DFEFAA002B7EB6 /* Current.storyboard */,
				61AB0BBC22E0F966002B7EB6 /* Booked.storyboard */,
				612FE8D422DE6A0B00112AF2 /* AppDelegate.h */,
				612FE8D522DE6A0B00112AF2 /* AppDelegate.m */,
				61AB0BC822E13E50002B7EB6 /* SearchResult.h */,
				6186183E22EA19F9007A2BD9 /* AnnotationPin.h */,
				6186183F22EA19F9007A2BD9 /* AnnotationPin.m */,
				61AB0BC922E13E50002B7EB6 /* SearchResult.m */,
				D2F3E48822EBA57A00E8AC55 /* ContainerViewSearch.storyboard */,
				ADEC07DA22DE80AA0035274F /* LoginSignUp.storyboard */,
				612FE8DD22DE6A0D00112AF2 /* Assets.xcassets */,
				612FE8DF22DE6A0D00112AF2 /* LaunchScreen.storyboard */,
				ADC06E9322E1195B00ED3F4D /* Profile.storyboard */,
				ADCF9FEE22F233CF00EF9E66 /* Settings.storyboard */,
				ADC06E9822E12F7D00ED3F4D /* CarCell.h */,
				ADC06E9922E12F7D00ED3F4D /* CarCell.m */,
				ADBA5DCC22E638F80055BB17 /* Car.h */,
				ADBA5DCD22E638F80055BB17 /* Car.m */,
				ADCF9FE822EA5D2E00EF9E66 /* ImagePickerHelper.h */,
				ADCF9FE922EA5D2E00EF9E66 /* ImagePickerHelper.m */,
				ADCF9FEB22EB745B00EF9E66 /* RegexHelper.h */,
				ADCF9FEC22EB745B00EF9E66 /* RegexHelper.m */,
				612FE8E222DE6A0D00112AF2 /* Info.plist */,
				612FE8E322DE6A0D00112AF2 /* main.m */,
				D2B2771D22DE868600EBC4EC /* DataManager.h */,
				D2B2771E22DE868600EBC4EC /* DataManager.m */,
				D2B2772922DFBEF900EBC4EC /* UserDataManager.h */,
				D264E25F22F20C500054391A /* Call.storyboard */,
				D2B2772A22DFBEF900EBC4EC /* UserDataManager.m */,
				D2BD364C22E111200001BD61 /* Booking.storyboard */,
				D22F501522EA2098004BE9BF /* Tabs.storyboard */,
				612FE90822DE801A00112AF2 /* Search.storyboard */,
				D264E27022F352E30054391A /* CallManager.h */,
				D264E27122F352E30054391A /* CallManager.m */,
				D2ECF6B422F8A9B900901E9D /* Checkin.storyboard */,
				D2ECF6B622F8D37F00901E9D /* Checkout.storyboard */,
			);
			path = HotSpot;
			sourceTree = "<group>";
		};
		612FE8EC22DE6A0D00112AF2 /* HotSpotTests */ = {
			isa = PBXGroup;
			children = (
				612FE8ED22DE6A0D00112AF2 /* HotSpotTests.m */,
				612FE8EF22DE6A0D00112AF2 /* Info.plist */,
			);
			path = HotSpotTests;
			sourceTree = "<group>";
		};
		612FE8F722DE6A0D00112AF2 /* HotSpotUITests */ = {
			isa = PBXGroup;
			children = (
				612FE8F822DE6A0D00112AF2 /* HotSpotUITests.m */,
				612FE8FA22DE6A0D00112AF2 /* Info.plist */,
			);
			path = HotSpotUITests;
			sourceTree = "<group>";
		};
		BACE3C37E144EA6607DB5993 /* Frameworks */ = {
			isa = PBXGroup;
			children = (
				D2C50F7E22F11839003AB2E0 /* MessageUI.framework */,
				D27B986A22E654170018EFE4 /* UIKit.framework */,
				612FE91322DE9A9500112AF2 /* MapKit.framework */,
				DE63EED1733784CEB35B5015 /* Pods_HotSpot.framework */,
				82CBD2548F49C9F32A5AED14 /* Pods_HotSpotTests.framework */,
				AE0E2DC664BBC0080BDDB3AD /* Pods_HotSpotUITests.framework */,
			);
			name = Frameworks;
			sourceTree = "<group>";
		};
		D22F500B22E7D946004BE9BF /* Views */ = {
			isa = PBXGroup;
			children = (
				D22F500F22E7D974004BE9BF /* TimeCell.h */,
				D22F501022E7D974004BE9BF /* TimeCell.m */,
				D26617C522EB689700255BC3 /* SearchCell.h */,
				D26617C422EB689700255BC3 /* SearchCell.m */,
				D2ECF6B822F8E2F800901E9D /* CarView.h */,
				D2ECF6B922F8E2F800901E9D /* CarView.m */,
			);
			path = Views;
			sourceTree = "<group>";
		};
		D264E26922F214340054391A /* Ringtones */ = {
			isa = PBXGroup;
			children = (
				D264E26C22F214540054391A /* disconnect.wav */,
				D264E26A22F214540054391A /* incoming.wav */,
				D264E26B22F214540054391A /* outgoing.wav */,
			);
			path = Ringtones;
			sourceTree = "<group>";
		};
		D2B2772022DE8A5900EBC4EC /* Models */ = {
			isa = PBXGroup;
			children = (
				D2B2772122DE8A7300EBC4EC /* Booking.h */,
				D2B2772222DE8A7300EBC4EC /* Booking.m */,
				D2B2772622DFBD9D00EBC4EC /* Listing.h */,
				D2B2772722DFBD9D00EBC4EC /* Listing.m */,
				D21C7D5F22E26817000BF3B1 /* TimeInterval.h */,
				D21C7D6022E26817000BF3B1 /* TimeInterval.m */,
				D22F501222E920A7004BE9BF /* TimeSlot.h */,
				D22F501322E920A7004BE9BF /* TimeSlot.m */,
			);
			path = Models;
			sourceTree = "<group>";
		};
		D2BD365122E11F0C0001BD61 /* View Controllers  */ = {
			isa = PBXGroup;
			children = (
				61547D6122EB9A0D00E57E34 /* BookedParkingSpotsViewController.h */,
				61547D5F22EB9A0D00E57E34 /* BookedParkingSpotsViewController.m */,
				61547D5D22EB9A0D00E57E34 /* BookingViewController.m */,
				61547D6322EB9A0D00E57E34 /* CurrentParkingSpotsViewController.h */,
				61547D6422EB9A0E00E57E34 /* CurrentParkingSpotsViewController.m */,
				61547D5C22EB9A0D00E57E34 /* DetailsViewController.m */,
				61547D5E22EB9A0D00E57E34 /* MainContainerViewController.h */,
				61547D6522EB9A0E00E57E34 /* MainContainerViewController.m */,
				61547D6622EB9A0E00E57E34 /* MapViewController.h */,
				61547D6022EB9A0D00E57E34 /* MapViewController.m */,
				61547D6222EB9A0D00E57E34 /* ParkingSearchViewController.h */,
				61BA376322EB9DD3002C1B5A /* BookingViewController.h */,
				61BA375F22EB9DD3002C1B5A /* ConfirmationViewController.h */,
				61BA376222EB9DD3002C1B5A /* ConfirmationViewController.m */,
				61BA376022EB9DD3002C1B5A /* DetailsViewController.h */,
				61547D6722EB9A0E00E57E34 /* ParkingSearchViewController.m */,
				D264E26422F20D330054391A /* CallViewController.h */,
				D264E26522F20D330054391A /* CallViewController.m */,
				ADEC07D622DE80310035274F /* LoginViewController.h */,
				ADEC07D722DE80310035274F /* LoginViewController.m */,
				ADEC07D322DE7FE70035274F /* SignUpViewController.h */,
				ADEC07D422DE7FE70035274F /* SignUpViewController.m */,
				ADC06E8B22DFCFFB00ED3F4D /* SettingsViewController.h */,
				ADC06E8C22DFCFFB00ED3F4D /* SettingsViewController.m */,
				ADC06E9522E119B000ED3F4D /* ProfileViewController.h */,
				ADC06E9622E119B000ED3F4D /* ProfileViewController.m */,
				ADC06E9B22E13B1100ED3F4D /* CarsViewController.h */,
				ADC06E9C22E13B1100ED3F4D /* CarsViewController.m */,
				ADBB8D6022E7B8E0004C28EA /* AddCarViewController.h */,
				ADBB8D6122E7B8E0004C28EA /* AddCarViewController.m */,
				ADC06E9E22E147FF00ED3F4D /* EditInformationViewController.h */,
				ADC06E9F22E147FF00ED3F4D /* EditInformationViewController.m */,
				ADCF9FE522E9211700EF9E66 /* EditCarViewController.h */,
				ADCF9FE622E9211700EF9E66 /* EditCarViewController.m */,
				D2ECF6BB22F8E85800901E9D /* CheckoutViewController.h */,
				D2ECF6BC22F8E85800901E9D /* CheckoutViewController.m */,
				D2ECF6BE22F8E88F00901E9D /* MoreTimeViewController.h */,
				D2ECF6BF22F8E88F00901E9D /* MoreTimeViewController.m */,
				D2ECF6C122F8FBA200901E9D /* CheckinViewController.h */,
				D2ECF6C222F8FBA200901E9D /* CheckinViewController.m */,
			);
			path = "View Controllers ";
			sourceTree = "<group>";
		};
/* End PBXGroup section */

/* Begin PBXNativeTarget section */
		612FE8D022DE6A0B00112AF2 /* HotSpot */ = {
			isa = PBXNativeTarget;
			buildConfigurationList = 612FE8FD22DE6A0D00112AF2 /* Build configuration list for PBXNativeTarget "HotSpot" */;
			buildPhases = (
				0205D539470F1D5FBBA84500 /* [CP] Check Pods Manifest.lock */,
				612FE8CD22DE6A0B00112AF2 /* Sources */,
				612FE8CE22DE6A0B00112AF2 /* Frameworks */,
				612FE8CF22DE6A0B00112AF2 /* Resources */,
				F43579A8F6A2AA2A438E4A72 /* [CP] Embed Pods Frameworks */,
			);
			buildRules = (
			);
			dependencies = (
			);
			name = HotSpot;
			productName = HotSpot;
			productReference = 612FE8D122DE6A0B00112AF2 /* HotSpot.app */;
			productType = "com.apple.product-type.application";
		};
		612FE8E822DE6A0D00112AF2 /* HotSpotTests */ = {
			isa = PBXNativeTarget;
			buildConfigurationList = 612FE90022DE6A0D00112AF2 /* Build configuration list for PBXNativeTarget "HotSpotTests" */;
			buildPhases = (
				0D1C2F32C0B30A56FD6F5921 /* [CP] Check Pods Manifest.lock */,
				612FE8E522DE6A0D00112AF2 /* Sources */,
				612FE8E622DE6A0D00112AF2 /* Frameworks */,
				612FE8E722DE6A0D00112AF2 /* Resources */,
			);
			buildRules = (
			);
			dependencies = (
				612FE8EB22DE6A0D00112AF2 /* PBXTargetDependency */,
			);
			name = HotSpotTests;
			productName = HotSpotTests;
			productReference = 612FE8E922DE6A0D00112AF2 /* HotSpotTests.xctest */;
			productType = "com.apple.product-type.bundle.unit-test";
		};
		612FE8F322DE6A0D00112AF2 /* HotSpotUITests */ = {
			isa = PBXNativeTarget;
			buildConfigurationList = 612FE90322DE6A0D00112AF2 /* Build configuration list for PBXNativeTarget "HotSpotUITests" */;
			buildPhases = (
				3A95CAB74CC66784F16BE215 /* [CP] Check Pods Manifest.lock */,
				612FE8F022DE6A0D00112AF2 /* Sources */,
				612FE8F122DE6A0D00112AF2 /* Frameworks */,
				612FE8F222DE6A0D00112AF2 /* Resources */,
			);
			buildRules = (
			);
			dependencies = (
				612FE8F622DE6A0D00112AF2 /* PBXTargetDependency */,
			);
			name = HotSpotUITests;
			productName = HotSpotUITests;
			productReference = 612FE8F422DE6A0D00112AF2 /* HotSpotUITests.xctest */;
			productType = "com.apple.product-type.bundle.ui-testing";
		};
/* End PBXNativeTarget section */

/* Begin PBXProject section */
		612FE8C922DE6A0B00112AF2 /* Project object */ = {
			isa = PBXProject;
			attributes = {
				LastUpgradeCheck = 1020;
				ORGANIZATIONNAME = aodemuyi;
				TargetAttributes = {
					612FE8D022DE6A0B00112AF2 = {
						CreatedOnToolsVersion = 10.2.1;
						SystemCapabilities = {
							com.apple.BackgroundModes = {
								enabled = 1;
							};
							com.apple.Maps.iOS = {
								enabled = 1;
							};
							com.apple.Push = {
								enabled = 1;
							};
						};
					};
					612FE8E822DE6A0D00112AF2 = {
						CreatedOnToolsVersion = 10.2.1;
						TestTargetID = 612FE8D022DE6A0B00112AF2;
					};
					612FE8F322DE6A0D00112AF2 = {
						CreatedOnToolsVersion = 10.2.1;
						TestTargetID = 612FE8D022DE6A0B00112AF2;
					};
				};
			};
			buildConfigurationList = 612FE8CC22DE6A0B00112AF2 /* Build configuration list for PBXProject "HotSpot" */;
			compatibilityVersion = "Xcode 9.3";
			developmentRegion = en;
			hasScannedForEncodings = 0;
			knownRegions = (
				en,
				Base,
			);
			mainGroup = 612FE8C822DE6A0B00112AF2;
			productRefGroup = 612FE8D222DE6A0B00112AF2 /* Products */;
			projectDirPath = "";
			projectRoot = "";
			targets = (
				612FE8D022DE6A0B00112AF2 /* HotSpot */,
				612FE8E822DE6A0D00112AF2 /* HotSpotTests */,
				612FE8F322DE6A0D00112AF2 /* HotSpotUITests */,
			);
		};
/* End PBXProject section */

/* Begin PBXResourcesBuildPhase section */
		612FE8CF22DE6A0B00112AF2 /* Resources */ = {
			isa = PBXResourcesBuildPhase;
			buildActionMask = 2147483647;
			files = (
				612FE8E122DE6A0D00112AF2 /* LaunchScreen.storyboard in Resources */,
				D264E26022F20C500054391A /* Call.storyboard in Resources */,
				61AB0BBD22E0F966002B7EB6 /* Booked.storyboard in Resources */,
				D264E26D22F214540054391A /* incoming.wav in Resources */,
				ADCF9FEF22F233CF00EF9E66 /* Settings.storyboard in Resources */,
				D2ECF6B522F8A9B900901E9D /* Checkin.storyboard in Resources */,
				61AB0BB822DFEFAA002B7EB6 /* Current.storyboard in Resources */,
				612FE8DE22DE6A0D00112AF2 /* Assets.xcassets in Resources */,
				D22F501622EA2098004BE9BF /* Tabs.storyboard in Resources */,
				D2BD364D22E111200001BD61 /* Booking.storyboard in Resources */,
				D2ECF6B722F8D37F00901E9D /* Checkout.storyboard in Resources */,
				D264E26E22F214540054391A /* outgoing.wav in Resources */,
				ADEC07DB22DE80AA0035274F /* LoginSignUp.storyboard in Resources */,
				D264E26F22F214540054391A /* disconnect.wav in Resources */,
				D2F3E48922EBA57A00E8AC55 /* ContainerViewSearch.storyboard in Resources */,
				ADEC07DB22DE80AA0035274F /* LoginSignUp.storyboard in Resources */,
				ADC06E9422E1195B00ED3F4D /* Profile.storyboard in Resources */,
			);
			runOnlyForDeploymentPostprocessing = 0;
		};
		612FE8E722DE6A0D00112AF2 /* Resources */ = {
			isa = PBXResourcesBuildPhase;
			buildActionMask = 2147483647;
			files = (
			);
			runOnlyForDeploymentPostprocessing = 0;
		};
		612FE8F222DE6A0D00112AF2 /* Resources */ = {
			isa = PBXResourcesBuildPhase;
			buildActionMask = 2147483647;
			files = (
			);
			runOnlyForDeploymentPostprocessing = 0;
		};
/* End PBXResourcesBuildPhase section */

/* Begin PBXShellScriptBuildPhase section */
		0205D539470F1D5FBBA84500 /* [CP] Check Pods Manifest.lock */ = {
			isa = PBXShellScriptBuildPhase;
			buildActionMask = 2147483647;
			files = (
			);
			inputFileListPaths = (
			);
			inputPaths = (
				"${PODS_PODFILE_DIR_PATH}/Podfile.lock",
				"${PODS_ROOT}/Manifest.lock",
			);
			name = "[CP] Check Pods Manifest.lock";
			outputFileListPaths = (
			);
			outputPaths = (
				"$(DERIVED_FILE_DIR)/Pods-HotSpot-checkManifestLockResult.txt",
			);
			runOnlyForDeploymentPostprocessing = 0;
			shellPath = /bin/sh;
			shellScript = "diff \"${PODS_PODFILE_DIR_PATH}/Podfile.lock\" \"${PODS_ROOT}/Manifest.lock\" > /dev/null\nif [ $? != 0 ] ; then\n    # print error to STDERR\n    echo \"error: The sandbox is not in sync with the Podfile.lock. Run 'pod install' or update your CocoaPods installation.\" >&2\n    exit 1\nfi\n# This output is used by Xcode 'outputs' to avoid re-running this script phase.\necho \"SUCCESS\" > \"${SCRIPT_OUTPUT_FILE_0}\"\n";
			showEnvVarsInLog = 0;
		};
		0D1C2F32C0B30A56FD6F5921 /* [CP] Check Pods Manifest.lock */ = {
			isa = PBXShellScriptBuildPhase;
			buildActionMask = 2147483647;
			files = (
			);
			inputFileListPaths = (
			);
			inputPaths = (
				"${PODS_PODFILE_DIR_PATH}/Podfile.lock",
				"${PODS_ROOT}/Manifest.lock",
			);
			name = "[CP] Check Pods Manifest.lock";
			outputFileListPaths = (
			);
			outputPaths = (
				"$(DERIVED_FILE_DIR)/Pods-HotSpotTests-checkManifestLockResult.txt",
			);
			runOnlyForDeploymentPostprocessing = 0;
			shellPath = /bin/sh;
			shellScript = "diff \"${PODS_PODFILE_DIR_PATH}/Podfile.lock\" \"${PODS_ROOT}/Manifest.lock\" > /dev/null\nif [ $? != 0 ] ; then\n    # print error to STDERR\n    echo \"error: The sandbox is not in sync with the Podfile.lock. Run 'pod install' or update your CocoaPods installation.\" >&2\n    exit 1\nfi\n# This output is used by Xcode 'outputs' to avoid re-running this script phase.\necho \"SUCCESS\" > \"${SCRIPT_OUTPUT_FILE_0}\"\n";
			showEnvVarsInLog = 0;
		};
		3A95CAB74CC66784F16BE215 /* [CP] Check Pods Manifest.lock */ = {
			isa = PBXShellScriptBuildPhase;
			buildActionMask = 2147483647;
			files = (
			);
			inputFileListPaths = (
			);
			inputPaths = (
				"${PODS_PODFILE_DIR_PATH}/Podfile.lock",
				"${PODS_ROOT}/Manifest.lock",
			);
			name = "[CP] Check Pods Manifest.lock";
			outputFileListPaths = (
			);
			outputPaths = (
				"$(DERIVED_FILE_DIR)/Pods-HotSpotUITests-checkManifestLockResult.txt",
			);
			runOnlyForDeploymentPostprocessing = 0;
			shellPath = /bin/sh;
			shellScript = "diff \"${PODS_PODFILE_DIR_PATH}/Podfile.lock\" \"${PODS_ROOT}/Manifest.lock\" > /dev/null\nif [ $? != 0 ] ; then\n    # print error to STDERR\n    echo \"error: The sandbox is not in sync with the Podfile.lock. Run 'pod install' or update your CocoaPods installation.\" >&2\n    exit 1\nfi\n# This output is used by Xcode 'outputs' to avoid re-running this script phase.\necho \"SUCCESS\" > \"${SCRIPT_OUTPUT_FILE_0}\"\n";
			showEnvVarsInLog = 0;
		};
		F43579A8F6A2AA2A438E4A72 /* [CP] Embed Pods Frameworks */ = {
			isa = PBXShellScriptBuildPhase;
			buildActionMask = 2147483647;
			files = (
			);
			inputFileListPaths = (
				"${PODS_ROOT}/Target Support Files/Pods-HotSpot/Pods-HotSpot-frameworks-${CONFIGURATION}-input-files.xcfilelist",
			);
			name = "[CP] Embed Pods Frameworks";
			outputFileListPaths = (
				"${PODS_ROOT}/Target Support Files/Pods-HotSpot/Pods-HotSpot-frameworks-${CONFIGURATION}-output-files.xcfilelist",
			);
			runOnlyForDeploymentPostprocessing = 0;
			shellPath = /bin/sh;
			shellScript = "\"${PODS_ROOT}/Target Support Files/Pods-HotSpot/Pods-HotSpot-frameworks.sh\"\n";
			showEnvVarsInLog = 0;
		};
/* End PBXShellScriptBuildPhase section */

/* Begin PBXSourcesBuildPhase section */
		612FE8CD22DE6A0B00112AF2 /* Sources */ = {
			isa = PBXSourcesBuildPhase;
			buildActionMask = 2147483647;
			files = (
				D2B2772822DFBD9D00EBC4EC /* Listing.m in Sources */,
				61AB0BCA22E13E50002B7EB6 /* SearchResult.m in Sources */,
				D2B2771F22DE868600EBC4EC /* DataManager.m in Sources */,
				D2B2772B22DFBEF900EBC4EC /* UserDataManager.m in Sources */,
				D2B2772322DE8A7300EBC4EC /* Booking.m in Sources */,
				D2ECF6BA22F8E2F800901E9D /* CarView.m in Sources */,
				D22F501422E920A7004BE9BF /* TimeSlot.m in Sources */,
				D21C7D6122E26817000BF3B1 /* TimeInterval.m in Sources */,
				ADEC07D822DE80310035274F /* LoginViewController.m in Sources */,
				ADEC07D822DE80310035274F /* LoginViewController.m in Sources */,
				D264E26622F20D330054391A /* CallViewController.m in Sources */,
				ADEC07D822DE80310035274F /* LoginViewController.m in Sources */,
				ADEC07D822DE80310035274F /* LoginViewController.m in Sources */,
				61547D6922EB9A0E00E57E34 /* BookingViewController.m in Sources */,
				D2ECF6C022F8E88F00901E9D /* MoreTimeViewController.m in Sources */,
				61547D6D22EB9A0E00E57E34 /* MainContainerViewController.m in Sources */,
				612FE8E422DE6A0D00112AF2 /* main.m in Sources */,
				D26617C622EB689700255BC3 /* SearchCell.m in Sources */,
				D22F501122E7D974004BE9BF /* TimeCell.m in Sources */,
				D264E27222F352E30054391A /* CallManager.m in Sources */,
				D21C7D6122E26817000BF3B1 /* TimeInterval.m in Sources */,
				612FE8E422DE6A0D00112AF2 /* main.m in Sources */,
				61547D6822EB9A0E00E57E34 /* DetailsViewController.m in Sources */,
				6186184022EA19F9007A2BD9 /* AnnotationPin.m in Sources */,
				612FE8D622DE6A0B00112AF2 /* AppDelegate.m in Sources */,
				61547D6A22EB9A0E00E57E34 /* BookedParkingSpotsViewController.m in Sources */,
				612FE8D622DE6A0B00112AF2 /* AppDelegate.m in Sources */,
				61547D6B22EB9A0E00E57E34 /* MapViewController.m in Sources */,
				61547D6E22EB9A0E00E57E34 /* ParkingSearchViewController.m in Sources */,
				ADEC07D522DE7FE70035274F /* SignUpViewController.m in Sources */,
				ADEC07D522DE7FE70035274F /* SignUpViewController.m in Sources */,
				612FE8E422DE6A0D00112AF2 /* main.m in Sources */,
				61547D6C22EB9A0E00E57E34 /* CurrentParkingSpotsViewController.m in Sources */,
				612FE8D622DE6A0B00112AF2 /* AppDelegate.m in Sources */,
				61BA376922EB9DD3002C1B5A /* ConfirmationViewController.m in Sources */,
				ADBA5DCE22E638F80055BB17 /* Car.m in Sources */,
				ADEC07D822DE80310035274F /* LoginViewController.m in Sources */,
				612FE8E422DE6A0D00112AF2 /* main.m in Sources */,
				ADC06E9A22E12F7D00ED3F4D /* CarCell.m in Sources */,
				ADC06E8D22DFCFFB00ED3F4D /* SettingsViewController.m in Sources */,
				D2ECF6C322F8FBA200901E9D /* CheckinViewController.m in Sources */,
				612FE8D622DE6A0B00112AF2 /* AppDelegate.m in Sources */,
				ADC06E9722E119B000ED3F4D /* ProfileViewController.m in Sources */,
				ADC06EA022E147FF00ED3F4D /* EditInformationViewController.m in Sources */,
				ADEC07D522DE7FE70035274F /* SignUpViewController.m in Sources */,
				D2ECF6BD22F8E85800901E9D /* CheckoutViewController.m in Sources */,
				ADCF9FEA22EA5D2E00EF9E66 /* ImagePickerHelper.m in Sources */,
				ADCF9FE722E9211700EF9E66 /* EditCarViewController.m in Sources */,
				ADCF9FED22EB745B00EF9E66 /* RegexHelper.m in Sources */,
				ADC06E9D22E13B1100ED3F4D /* CarsViewController.m in Sources */,
				ADBB8D6222E7B8E0004C28EA /* AddCarViewController.m in Sources */,
			);
			runOnlyForDeploymentPostprocessing = 0;
		};
		612FE8E522DE6A0D00112AF2 /* Sources */ = {
			isa = PBXSourcesBuildPhase;
			buildActionMask = 2147483647;
			files = (
				612FE8EE22DE6A0D00112AF2 /* HotSpotTests.m in Sources */,
			);
			runOnlyForDeploymentPostprocessing = 0;
		};
		612FE8F022DE6A0D00112AF2 /* Sources */ = {
			isa = PBXSourcesBuildPhase;
			buildActionMask = 2147483647;
			files = (
				612FE8F922DE6A0D00112AF2 /* HotSpotUITests.m in Sources */,
			);
			runOnlyForDeploymentPostprocessing = 0;
		};
/* End PBXSourcesBuildPhase section */

/* Begin PBXTargetDependency section */
		612FE8EB22DE6A0D00112AF2 /* PBXTargetDependency */ = {
			isa = PBXTargetDependency;
			target = 612FE8D022DE6A0B00112AF2 /* HotSpot */;
			targetProxy = 612FE8EA22DE6A0D00112AF2 /* PBXContainerItemProxy */;
		};
		612FE8F622DE6A0D00112AF2 /* PBXTargetDependency */ = {
			isa = PBXTargetDependency;
			target = 612FE8D022DE6A0B00112AF2 /* HotSpot */;
			targetProxy = 612FE8F522DE6A0D00112AF2 /* PBXContainerItemProxy */;
		};
/* End PBXTargetDependency section */

/* Begin PBXVariantGroup section */
		612FE8DF22DE6A0D00112AF2 /* LaunchScreen.storyboard */ = {
			isa = PBXVariantGroup;
			children = (
				612FE8E022DE6A0D00112AF2 /* Base */,
			);
			name = LaunchScreen.storyboard;
			sourceTree = "<group>";
		};
/* End PBXVariantGroup section */

/* Begin XCBuildConfiguration section */
		612FE8FB22DE6A0D00112AF2 /* Debug */ = {
			isa = XCBuildConfiguration;
			buildSettings = {
				ALWAYS_SEARCH_USER_PATHS = NO;
				CLANG_ANALYZER_NONNULL = YES;
				CLANG_ANALYZER_NUMBER_OBJECT_CONVERSION = YES_AGGRESSIVE;
				CLANG_CXX_LANGUAGE_STANDARD = "gnu++14";
				CLANG_CXX_LIBRARY = "libc++";
				CLANG_ENABLE_MODULES = YES;
				CLANG_ENABLE_OBJC_ARC = YES;
				CLANG_ENABLE_OBJC_WEAK = YES;
				CLANG_WARN_BLOCK_CAPTURE_AUTORELEASING = YES;
				CLANG_WARN_BOOL_CONVERSION = YES;
				CLANG_WARN_COMMA = YES;
				CLANG_WARN_CONSTANT_CONVERSION = YES;
				CLANG_WARN_DEPRECATED_OBJC_IMPLEMENTATIONS = YES;
				CLANG_WARN_DIRECT_OBJC_ISA_USAGE = YES_ERROR;
				CLANG_WARN_DOCUMENTATION_COMMENTS = YES;
				CLANG_WARN_EMPTY_BODY = YES;
				CLANG_WARN_ENUM_CONVERSION = YES;
				CLANG_WARN_INFINITE_RECURSION = YES;
				CLANG_WARN_INT_CONVERSION = YES;
				CLANG_WARN_NON_LITERAL_NULL_CONVERSION = YES;
				CLANG_WARN_OBJC_IMPLICIT_RETAIN_SELF = YES;
				CLANG_WARN_OBJC_LITERAL_CONVERSION = YES;
				CLANG_WARN_OBJC_ROOT_CLASS = YES_ERROR;
				CLANG_WARN_RANGE_LOOP_ANALYSIS = YES;
				CLANG_WARN_STRICT_PROTOTYPES = YES;
				CLANG_WARN_SUSPICIOUS_MOVE = YES;
				CLANG_WARN_UNGUARDED_AVAILABILITY = YES_AGGRESSIVE;
				CLANG_WARN_UNREACHABLE_CODE = YES;
				CLANG_WARN__DUPLICATE_METHOD_MATCH = YES;
				CODE_SIGN_IDENTITY = "iPhone Developer";
				COPY_PHASE_STRIP = NO;
				DEBUG_INFORMATION_FORMAT = dwarf;
				ENABLE_STRICT_OBJC_MSGSEND = YES;
				ENABLE_TESTABILITY = YES;
				GCC_C_LANGUAGE_STANDARD = gnu11;
				GCC_DYNAMIC_NO_PIC = NO;
				GCC_NO_COMMON_BLOCKS = YES;
				GCC_OPTIMIZATION_LEVEL = 0;
				GCC_PREPROCESSOR_DEFINITIONS = (
					"DEBUG=1",
					"$(inherited)",
				);
				GCC_WARN_64_TO_32_BIT_CONVERSION = YES;
				GCC_WARN_ABOUT_RETURN_TYPE = YES_ERROR;
				GCC_WARN_UNDECLARED_SELECTOR = YES;
				GCC_WARN_UNINITIALIZED_AUTOS = YES_AGGRESSIVE;
				GCC_WARN_UNUSED_FUNCTION = YES;
				GCC_WARN_UNUSED_VARIABLE = YES;
				IPHONEOS_DEPLOYMENT_TARGET = 12.2;
				MTL_ENABLE_DEBUG_INFO = INCLUDE_SOURCE;
				MTL_FAST_MATH = YES;
				ONLY_ACTIVE_ARCH = YES;
				SDKROOT = iphoneos;
			};
			name = Debug;
		};
		612FE8FC22DE6A0D00112AF2 /* Release */ = {
			isa = XCBuildConfiguration;
			buildSettings = {
				ALWAYS_SEARCH_USER_PATHS = NO;
				CLANG_ANALYZER_NONNULL = YES;
				CLANG_ANALYZER_NUMBER_OBJECT_CONVERSION = YES_AGGRESSIVE;
				CLANG_CXX_LANGUAGE_STANDARD = "gnu++14";
				CLANG_CXX_LIBRARY = "libc++";
				CLANG_ENABLE_MODULES = YES;
				CLANG_ENABLE_OBJC_ARC = YES;
				CLANG_ENABLE_OBJC_WEAK = YES;
				CLANG_WARN_BLOCK_CAPTURE_AUTORELEASING = YES;
				CLANG_WARN_BOOL_CONVERSION = YES;
				CLANG_WARN_COMMA = YES;
				CLANG_WARN_CONSTANT_CONVERSION = YES;
				CLANG_WARN_DEPRECATED_OBJC_IMPLEMENTATIONS = YES;
				CLANG_WARN_DIRECT_OBJC_ISA_USAGE = YES_ERROR;
				CLANG_WARN_DOCUMENTATION_COMMENTS = YES;
				CLANG_WARN_EMPTY_BODY = YES;
				CLANG_WARN_ENUM_CONVERSION = YES;
				CLANG_WARN_INFINITE_RECURSION = YES;
				CLANG_WARN_INT_CONVERSION = YES;
				CLANG_WARN_NON_LITERAL_NULL_CONVERSION = YES;
				CLANG_WARN_OBJC_IMPLICIT_RETAIN_SELF = YES;
				CLANG_WARN_OBJC_LITERAL_CONVERSION = YES;
				CLANG_WARN_OBJC_ROOT_CLASS = YES_ERROR;
				CLANG_WARN_RANGE_LOOP_ANALYSIS = YES;
				CLANG_WARN_STRICT_PROTOTYPES = YES;
				CLANG_WARN_SUSPICIOUS_MOVE = YES;
				CLANG_WARN_UNGUARDED_AVAILABILITY = YES_AGGRESSIVE;
				CLANG_WARN_UNREACHABLE_CODE = YES;
				CLANG_WARN__DUPLICATE_METHOD_MATCH = YES;
				CODE_SIGN_IDENTITY = "iPhone Developer";
				COPY_PHASE_STRIP = NO;
				DEBUG_INFORMATION_FORMAT = "dwarf-with-dsym";
				ENABLE_NS_ASSERTIONS = NO;
				ENABLE_STRICT_OBJC_MSGSEND = YES;
				GCC_C_LANGUAGE_STANDARD = gnu11;
				GCC_NO_COMMON_BLOCKS = YES;
				GCC_WARN_64_TO_32_BIT_CONVERSION = YES;
				GCC_WARN_ABOUT_RETURN_TYPE = YES_ERROR;
				GCC_WARN_UNDECLARED_SELECTOR = YES;
				GCC_WARN_UNINITIALIZED_AUTOS = YES_AGGRESSIVE;
				GCC_WARN_UNUSED_FUNCTION = YES;
				GCC_WARN_UNUSED_VARIABLE = YES;
				IPHONEOS_DEPLOYMENT_TARGET = 12.2;
				MTL_ENABLE_DEBUG_INFO = NO;
				MTL_FAST_MATH = YES;
				SDKROOT = iphoneos;
				VALIDATE_PRODUCT = YES;
			};
			name = Release;
		};
		612FE8FE22DE6A0D00112AF2 /* Debug */ = {
			isa = XCBuildConfiguration;
			baseConfigurationReference = 54A66600EFC49BC2B1D55B91 /* Pods-HotSpot.debug.xcconfig */;
			buildSettings = {
				ASSETCATALOG_COMPILER_APPICON_NAME = AppIcon;
				CODE_SIGN_ENTITLEMENTS = HotSpot/HotSpot.entitlements;
				CODE_SIGN_STYLE = Automatic;
				DEVELOPMENT_TEAM = W2PUF8XW54;
				INFOPLIST_FILE = HotSpot/Info.plist;
				LD_RUNPATH_SEARCH_PATHS = (
					"$(inherited)",
					"@executable_path/Frameworks",
				);
				PRODUCT_BUNDLE_IDENTIFIER = com.codepath.HotSpot3;
				PRODUCT_NAME = "$(TARGET_NAME)";
				TARGETED_DEVICE_FAMILY = "1,2";
			};
			name = Debug;
		};
		612FE8FF22DE6A0D00112AF2 /* Release */ = {
			isa = XCBuildConfiguration;
			baseConfigurationReference = A517A8E8AABE0EB29E38F4A3 /* Pods-HotSpot.release.xcconfig */;
			buildSettings = {
				ASSETCATALOG_COMPILER_APPICON_NAME = AppIcon;
				CODE_SIGN_ENTITLEMENTS = HotSpot/HotSpot.entitlements;
				CODE_SIGN_STYLE = Automatic;
				DEVELOPMENT_TEAM = W2PUF8XW54;
				INFOPLIST_FILE = HotSpot/Info.plist;
				LD_RUNPATH_SEARCH_PATHS = (
					"$(inherited)",
					"@executable_path/Frameworks",
				);
				PRODUCT_BUNDLE_IDENTIFIER = com.codepath.HotSpot3;
				PRODUCT_NAME = "$(TARGET_NAME)";
				TARGETED_DEVICE_FAMILY = "1,2";
			};
			name = Release;
		};
		612FE90122DE6A0D00112AF2 /* Debug */ = {
			isa = XCBuildConfiguration;
			baseConfigurationReference = 58EED40F33169F980E16D603 /* Pods-HotSpotTests.debug.xcconfig */;
			buildSettings = {
				BUNDLE_LOADER = "$(TEST_HOST)";
				CODE_SIGN_STYLE = Automatic;
				DEVELOPMENT_TEAM = RW6F5L2HZM;
				INFOPLIST_FILE = HotSpotTests/Info.plist;
				LD_RUNPATH_SEARCH_PATHS = (
					"$(inherited)",
					"@executable_path/Frameworks",
					"@loader_path/Frameworks",
				);
				PRODUCT_BUNDLE_IDENTIFIER = com.codepath.HotSpotTests;
				PRODUCT_NAME = "$(TARGET_NAME)";
				TARGETED_DEVICE_FAMILY = "1,2";
				TEST_HOST = "$(BUILT_PRODUCTS_DIR)/HotSpot.app/HotSpot";
			};
			name = Debug;
		};
		612FE90222DE6A0D00112AF2 /* Release */ = {
			isa = XCBuildConfiguration;
			baseConfigurationReference = F3A8C7CA6B9E48BB606312DE /* Pods-HotSpotTests.release.xcconfig */;
			buildSettings = {
				BUNDLE_LOADER = "$(TEST_HOST)";
				CODE_SIGN_STYLE = Automatic;
				DEVELOPMENT_TEAM = RW6F5L2HZM;
				INFOPLIST_FILE = HotSpotTests/Info.plist;
				LD_RUNPATH_SEARCH_PATHS = (
					"$(inherited)",
					"@executable_path/Frameworks",
					"@loader_path/Frameworks",
				);
				PRODUCT_BUNDLE_IDENTIFIER = com.codepath.HotSpotTests;
				PRODUCT_NAME = "$(TARGET_NAME)";
				TARGETED_DEVICE_FAMILY = "1,2";
				TEST_HOST = "$(BUILT_PRODUCTS_DIR)/HotSpot.app/HotSpot";
			};
			name = Release;
		};
		612FE90422DE6A0D00112AF2 /* Debug */ = {
			isa = XCBuildConfiguration;
			baseConfigurationReference = 32CFB9A7930248B3AAE2E9D2 /* Pods-HotSpotUITests.debug.xcconfig */;
			buildSettings = {
				CODE_SIGN_STYLE = Automatic;
				DEVELOPMENT_TEAM = RW6F5L2HZM;
				INFOPLIST_FILE = HotSpotUITests/Info.plist;
				LD_RUNPATH_SEARCH_PATHS = (
					"$(inherited)",
					"@executable_path/Frameworks",
					"@loader_path/Frameworks",
				);
				PRODUCT_BUNDLE_IDENTIFIER = com.codepath.HotSpotUITests;
				PRODUCT_NAME = "$(TARGET_NAME)";
				TARGETED_DEVICE_FAMILY = "1,2";
				TEST_TARGET_NAME = HotSpot;
			};
			name = Debug;
		};
		612FE90522DE6A0D00112AF2 /* Release */ = {
			isa = XCBuildConfiguration;
			baseConfigurationReference = 043F1AB701521A52163B3E93 /* Pods-HotSpotUITests.release.xcconfig */;
			buildSettings = {
				CODE_SIGN_STYLE = Automatic;
				DEVELOPMENT_TEAM = RW6F5L2HZM;
				INFOPLIST_FILE = HotSpotUITests/Info.plist;
				LD_RUNPATH_SEARCH_PATHS = (
					"$(inherited)",
					"@executable_path/Frameworks",
					"@loader_path/Frameworks",
				);
				PRODUCT_BUNDLE_IDENTIFIER = com.codepath.HotSpotUITests;
				PRODUCT_NAME = "$(TARGET_NAME)";
				TARGETED_DEVICE_FAMILY = "1,2";
				TEST_TARGET_NAME = HotSpot;
			};
			name = Release;
		};
/* End XCBuildConfiguration section */

/* Begin XCConfigurationList section */
		612FE8CC22DE6A0B00112AF2 /* Build configuration list for PBXProject "HotSpot" */ = {
			isa = XCConfigurationList;
			buildConfigurations = (
				612FE8FB22DE6A0D00112AF2 /* Debug */,
				612FE8FC22DE6A0D00112AF2 /* Release */,
			);
			defaultConfigurationIsVisible = 0;
			defaultConfigurationName = Release;
		};
		612FE8FD22DE6A0D00112AF2 /* Build configuration list for PBXNativeTarget "HotSpot" */ = {
			isa = XCConfigurationList;
			buildConfigurations = (
				612FE8FE22DE6A0D00112AF2 /* Debug */,
				612FE8FF22DE6A0D00112AF2 /* Release */,
			);
			defaultConfigurationIsVisible = 0;
			defaultConfigurationName = Release;
		};
		612FE90022DE6A0D00112AF2 /* Build configuration list for PBXNativeTarget "HotSpotTests" */ = {
			isa = XCConfigurationList;
			buildConfigurations = (
				612FE90122DE6A0D00112AF2 /* Debug */,
				612FE90222DE6A0D00112AF2 /* Release */,
			);
			defaultConfigurationIsVisible = 0;
			defaultConfigurationName = Release;
		};
		612FE90322DE6A0D00112AF2 /* Build configuration list for PBXNativeTarget "HotSpotUITests" */ = {
			isa = XCConfigurationList;
			buildConfigurations = (
				612FE90422DE6A0D00112AF2 /* Debug */,
				612FE90522DE6A0D00112AF2 /* Release */,
			);
			defaultConfigurationIsVisible = 0;
			defaultConfigurationName = Release;
		};
/* End XCConfigurationList section */
	};
	rootObject = 612FE8C922DE6A0B00112AF2 /* Project object */;
}
